
Microsoft Visual Studio Solution File, Format Version 12.00
# Visual Studio Version 17
VisualStudioVersion = 17.2.32526.322
MinimumVisualStudioVersion = 10.0.40219.1
Project("{9A19103F-16F7-4668-BE54-9A1E7A4F7556}") = "BluuMaths", "BluuMaths.csproj", "{1150BF2A-9723-4A1E-B047-DFD056AD5A06}"
EndProject
Global
	GlobalSection(SolutionConfigurationPlatforms) = preSolution
		Debug|Any CPU = Debug|Any CPU
		Release|Any CPU = Release|Any CPU
	EndGlobalSection
	GlobalSection(ProjectConfigurationPlatforms) = postSolution
		{1150BF2A-9723-4A1E-B047-DFD056AD5A06}.Debug|Any CPU.ActiveCfg = Debug|Any CPU
		{1150BF2A-9723-4A1E-B047-DFD056AD5A06}.Debug|Any CPU.Build.0 = Debug|Any CPU
		{1150BF2A-9723-4A1E-B047-DFD056AD5A06}.Release|Any CPU.ActiveCfg = Release|Any CPU
		{1150BF2A-9723-4A1E-B047-DFD056AD5A06}.Release|Any CPU.Build.0 = Release|Any CPU
	EndGlobalSection
	GlobalSection(SolutionProperties) = preSolution
		HideSolutionNode = FALSE
	EndGlobalSection
	GlobalSection(ExtensibilityGlobals) = postSolution
		SolutionGuid = {D6F2012C-B2B6-4F7B-A161-EA5EC95918D5}
	EndGlobalSection
EndGlobal
